<?xml version="1.0" encoding="utf-8"?>
<Project ToolsVersion="4.0" xmlns="http://schemas.microsoft.com/developer/msbuild/2003">
  <ItemGroup>
    <Filter Include="소스 파일">
      <UniqueIdentifier>{4FC737F1-C7A5-4376-A066-2A32D752A2FF}</UniqueIdentifier>
      <Extensions>cpp;c;cc;cxx;def;odl;idl;hpj;bat;asm;asmx</Extensions>
    </Filter>
    <Filter Include="헤더 파일">
      <UniqueIdentifier>{93995380-89BD-4b04-88EB-625FBE52EBFB}</UniqueIdentifier>
      <Extensions>h;hh;hpp;hxx;hm;inl;inc;xsd</Extensions>
    </Filter>
    <Filter Include="리소스 파일">
      <UniqueIdentifier>{67DA6AB6-F800-4c08-8B7A-83BB121AAD01}</UniqueIdentifier>
      <Extensions>rc;ico;cur;bmp;dlg;rc2;rct;bin;rgs;gif;jpg;jpeg;jpe;resx;tiff;tif;png;wav;mfcribbon-ms</Extensions>
    </Filter>
    <Filter Include="헤더 파일\GameSystem">
      <UniqueIdentifier>{827cece8-0026-47c8-b9e8-027345c68033}</UniqueIdentifier>
    </Filter>
    <Filter Include="헤더 파일\Core">
      <UniqueIdentifier>{49d95736-d8e6-43c8-93d8-4beab098b957}</UniqueIdentifier>
    </Filter>
    <Filter Include="헤더 파일\Core\Design pattern">
      <UniqueIdentifier>{ad3e7f25-0422-43b5-ab4a-05fb73ba311a}</UniqueIdentifier>
    </Filter>
    <Filter Include="헤더 파일\GameSystem\Player">
      <UniqueIdentifier>{129313ed-2c9a-493e-82e1-0d938d2c34db}</UniqueIdentifier>
    </Filter>
    <Filter Include="헤더 파일\GameSystem\Company">
      <UniqueIdentifier>{82a41252-bfa4-4acb-95ec-fd8fd3ce2df6}</UniqueIdentifier>
    </Filter>
    <Filter Include="헤더 파일\GameSystem\Bank">
      <UniqueIdentifier>{be6da35c-05a9-422a-b2fe-ebd9d31e8bba}</UniqueIdentifier>
    </Filter>
    <Filter Include="헤더 파일\Core\Timer">
      <UniqueIdentifier>{edde8c1f-851a-4b37-a511-bae4581785be}</UniqueIdentifier>
    </Filter>
  </ItemGroup>
  <ItemGroup>
    <ClCompile Include="Arts.cpp">
      <Filter>소스 파일</Filter>
    </ClCompile>
    <ClCompile Include="GameFunctions.cpp">
      <Filter>소스 파일</Filter>
    </ClCompile>
    <ClCompile Include="Lib.cpp">
      <Filter>소스 파일</Filter>
    </ClCompile>
    <ClCompile Include="Main.cpp">
      <Filter>소스 파일</Filter>
    </ClCompile>
    <ClCompile Include="Stock.cpp">
      <Filter>소스 파일</Filter>
    </ClCompile>
    <ClCompile Include="StockFunctions.cpp">
      <Filter>소스 파일</Filter>
    </ClCompile>
    <ClCompile Include="Player.cpp">
      <Filter>헤더 파일\GameSystem\Player</Filter>
    </ClCompile>
    <ClCompile Include="Company.cpp">
      <Filter>헤더 파일\GameSystem\Company</Filter>
    </ClCompile>
    <ClCompile Include="Bank.cpp">
      <Filter>헤더 파일\GameSystem\Bank</Filter>
    </ClCompile>
    <ClCompile Include="Timer.cpp">
      <Filter>헤더 파일\Core\Timer</Filter>
    </ClCompile>
    <ClCompile Include="Singleton.inl">
      <Filter>헤더 파일\Core\Design pattern</Filter>
    </ClCompile>
  </ItemGroup>
  <ItemGroup>
    <ClInclude Include="Arts.h">
      <Filter>헤더 파일</Filter>
    </ClInclude>
    <ClInclude Include="GameFunctions.h">
      <Filter>헤더 파일</Filter>
    </ClInclude>
    <ClInclude Include="Lib.h">
      <Filter>헤더 파일</Filter>
    </ClInclude>
    <ClInclude Include="StockFunctions.h">
      <Filter>헤더 파일</Filter>
    </ClInclude>
    <ClInclude Include="global.h">
      <Filter>헤더 파일</Filter>
    </ClInclude>
    <ClInclude Include="GameSystem.h">
      <Filter>헤더 파일\GameSystem</Filter>
    </ClInclude>
    <ClInclude Include="GameLoop.h">
      <Filter>헤더 파일\GameSystem</Filter>
    </ClInclude>
    <ClInclude Include="Singleton.h">
      <Filter>헤더 파일\Core\Design pattern</Filter>
    </ClInclude>
    <ClInclude Include="Core.h">
      <Filter>헤더 파일\Core</Filter>
    </ClInclude>
    <ClInclude Include="Company.h">
      <Filter>헤더 파일\GameSystem\Company</Filter>
    </ClInclude>
    <ClInclude Include="Player.h">
      <Filter>헤더 파일\GameSystem\Player</Filter>
    </ClInclude>
    <ClInclude Include="Stock.h">
      <Filter>헤더 파일</Filter>
    </ClInclude>
    <ClInclude Include="Bank.h">
      <Filter>헤더 파일\GameSystem\Bank</Filter>
    </ClInclude>
    <ClInclude Include="Timer.h">
      <Filter>헤더 파일\Core\Timer</Filter>
    </ClInclude>
  </ItemGroup>
</Project>